// !$*UTF8*$!
{
	archiveVersion = 1;
	classes = {
	};
	objectVersion = 46;
	objects = {

/* Begin PBXBuildFile section */
		AFC93A7A216267230085FB40 /* AppDelegate.swift in Sources */ = {isa = PBXBuildFile; fileRef = AFC93A79216267230085FB40 /* AppDelegate.swift */; };
		AFC93A7C216267230085FB40 /* ViewController.swift in Sources */ = {isa = PBXBuildFile; fileRef = AFC93A7B216267230085FB40 /* ViewController.swift */; };
		AFC93A7F216267230085FB40 /* Main.storyboard in Resources */ = {isa = PBXBuildFile; fileRef = AFC93A7D216267230085FB40 /* Main.storyboard */; };
		AFC93A81216267230085FB40 /* Assets.xcassets in Resources */ = {isa = PBXBuildFile; fileRef = AFC93A80216267230085FB40 /* Assets.xcassets */; };
		AFC93A84216267230085FB40 /* LaunchScreen.storyboard in Resources */ = {isa = PBXBuildFile; fileRef = AFC93A82216267230085FB40 /* LaunchScreen.storyboard */; };
		AFC93A8F216267230085FB40 /* SetTests.swift in Sources */ = {isa = PBXBuildFile; fileRef = AFC93A8E216267230085FB40 /* SetTests.swift */; };
		AFC93A9A216267230085FB40 /* SetUITests.swift in Sources */ = {isa = PBXBuildFile; fileRef = AFC93A99216267230085FB40 /* SetUITests.swift */; };
		AFEEE28C2174D9CD00797B20 /* SetError.swift in Sources */ = {isa = PBXBuildFile; fileRef = AFEEE28B2174D9CD00797B20 /* SetError.swift */; };
		AFEEE28E2174E17C00797B20 /* CardValidator.swift in Sources */ = {isa = PBXBuildFile; fileRef = AFEEE28D2174E17C00797B20 /* CardValidator.swift */; };
		F9474E8D21777B6400E26A23 /* Attribute.swift in Sources */ = {isa = PBXBuildFile; fileRef = F9474E8C21777B6400E26A23 /* Attribute.swift */; };
		F9474E8F21777BD800E26A23 /* Num.swift in Sources */ = {isa = PBXBuildFile; fileRef = F9474E8E21777BD800E26A23 /* Num.swift */; };
		F974C13C21650FA800C216E4 /* Card.swift in Sources */ = {isa = PBXBuildFile; fileRef = F974C13B21650FA800C216E4 /* Card.swift */; };
		F974C1402165103900C216E4 /* Shape.swift in Sources */ = {isa = PBXBuildFile; fileRef = F974C13F2165103900C216E4 /* Shape.swift */; };
		F974C142216510D000C216E4 /* Color.swift in Sources */ = {isa = PBXBuildFile; fileRef = F974C141216510D000C216E4 /* Color.swift */; };
		F974C144216510E200C216E4 /* Fill.swift in Sources */ = {isa = PBXBuildFile; fileRef = F974C143216510E200C216E4 /* Fill.swift */; };
		F9B604B9216CEE5700995CCB /* Game.swift in Sources */ = {isa = PBXBuildFile; fileRef = F9B604B8216CEE5700995CCB /* Game.swift */; };
		F9B604BB216CEF2A00995CCB /* Board.swift in Sources */ = {isa = PBXBuildFile; fileRef = F9B604BA216CEF2A00995CCB /* Board.swift */; };
		F9B604BD216CF4AE00995CCB /* Row.swift in Sources */ = {isa = PBXBuildFile; fileRef = F9B604BC216CF4AE00995CCB /* Row.swift */; };
		F9B604BF216CF4D000995CCB /* Column.swift in Sources */ = {isa = PBXBuildFile; fileRef = F9B604BE216CF4D000995CCB /* Column.swift */; };
		F9D25FF6216CFC4A007B8110 /* CardGenerator.swift in Sources */ = {isa = PBXBuildFile; fileRef = F9D25FF5216CFC4A007B8110 /* CardGenerator.swift */; };
/* End PBXBuildFile section */

/* Begin PBXContainerItemProxy section */
		AFC93A8B216267230085FB40 /* PBXContainerItemProxy */ = {
			isa = PBXContainerItemProxy;
			containerPortal = AFC93A6E216267230085FB40 /* Project object */;
			proxyType = 1;
			remoteGlobalIDString = AFC93A75216267230085FB40;
			remoteInfo = Set;
		};
		AFC93A96216267230085FB40 /* PBXContainerItemProxy */ = {
			isa = PBXContainerItemProxy;
			containerPortal = AFC93A6E216267230085FB40 /* Project object */;
			proxyType = 1;
			remoteGlobalIDString = AFC93A75216267230085FB40;
			remoteInfo = Set;
		};
/* End PBXContainerItemProxy section */

/* Begin PBXFileReference section */
		AFC93A76216267230085FB40 /* Set.app */ = {isa = PBXFileReference; explicitFileType = wrapper.application; includeInIndex = 0; path = Set.app; sourceTree = BUILT_PRODUCTS_DIR; };
		AFC93A79216267230085FB40 /* AppDelegate.swift */ = {isa = PBXFileReference; lastKnownFileType = sourcecode.swift; path = AppDelegate.swift; sourceTree = "<group>"; };
		AFC93A7B216267230085FB40 /* ViewController.swift */ = {isa = PBXFileReference; lastKnownFileType = sourcecode.swift; path = ViewController.swift; sourceTree = "<group>"; };
		AFC93A7E216267230085FB40 /* Base */ = {isa = PBXFileReference; lastKnownFileType = file.storyboard; name = Base; path = Base.lproj/Main.storyboard; sourceTree = "<group>"; };
		AFC93A80216267230085FB40 /* Assets.xcassets */ = {isa = PBXFileReference; lastKnownFileType = folder.assetcatalog; path = Assets.xcassets; sourceTree = "<group>"; };
		AFC93A83216267230085FB40 /* Base */ = {isa = PBXFileReference; lastKnownFileType = file.storyboard; name = Base; path = Base.lproj/LaunchScreen.storyboard; sourceTree = "<group>"; };
		AFC93A85216267230085FB40 /* Info.plist */ = {isa = PBXFileReference; lastKnownFileType = text.plist.xml; path = Info.plist; sourceTree = "<group>"; };
		AFC93A8A216267230085FB40 /* SetTests.xctest */ = {isa = PBXFileReference; explicitFileType = wrapper.cfbundle; includeInIndex = 0; path = SetTests.xctest; sourceTree = BUILT_PRODUCTS_DIR; };
		AFC93A8E216267230085FB40 /* SetTests.swift */ = {isa = PBXFileReference; lastKnownFileType = sourcecode.swift; path = SetTests.swift; sourceTree = "<group>"; };
		AFC93A90216267230085FB40 /* Info.plist */ = {isa = PBXFileReference; lastKnownFileType = text.plist.xml; path = Info.plist; sourceTree = "<group>"; };
		AFC93A95216267230085FB40 /* SetUITests.xctest */ = {isa = PBXFileReference; explicitFileType = wrapper.cfbundle; includeInIndex = 0; path = SetUITests.xctest; sourceTree = BUILT_PRODUCTS_DIR; };
		AFC93A99216267230085FB40 /* SetUITests.swift */ = {isa = PBXFileReference; lastKnownFileType = sourcecode.swift; path = SetUITests.swift; sourceTree = "<group>"; };
		AFC93A9B216267230085FB40 /* Info.plist */ = {isa = PBXFileReference; lastKnownFileType = text.plist.xml; path = Info.plist; sourceTree = "<group>"; };
		AFEEE28B2174D9CD00797B20 /* SetError.swift */ = {isa = PBXFileReference; fileEncoding = 4; lastKnownFileType = sourcecode.swift; path = SetError.swift; sourceTree = "<group>"; };
		AFEEE28D2174E17C00797B20 /* CardValidator.swift */ = {isa = PBXFileReference; fileEncoding = 4; lastKnownFileType = sourcecode.swift; path = CardValidator.swift; sourceTree = "<group>"; };
		F9474E8C21777B6400E26A23 /* Attribute.swift */ = {isa = PBXFileReference; fileEncoding = 4; lastKnownFileType = sourcecode.swift; path = Attribute.swift; sourceTree = "<group>"; };
		F9474E8E21777BD800E26A23 /* Num.swift */ = {isa = PBXFileReference; fileEncoding = 4; lastKnownFileType = sourcecode.swift; path = Num.swift; sourceTree = "<group>"; };
		F974C13B21650FA800C216E4 /* Card.swift */ = {isa = PBXFileReference; fileEncoding = 4; lastKnownFileType = sourcecode.swift; path = Card.swift; sourceTree = "<group>"; };
		F974C13F2165103900C216E4 /* Shape.swift */ = {isa = PBXFileReference; fileEncoding = 4; lastKnownFileType = sourcecode.swift; path = Shape.swift; sourceTree = "<group>"; };
		F974C141216510D000C216E4 /* Color.swift */ = {isa = PBXFileReference; fileEncoding = 4; lastKnownFileType = sourcecode.swift; path = Color.swift; sourceTree = "<group>"; };
		F974C143216510E200C216E4 /* Fill.swift */ = {isa = PBXFileReference; fileEncoding = 4; lastKnownFileType = sourcecode.swift; path = Fill.swift; sourceTree = "<group>"; };
		F9B604B8216CEE5700995CCB /* Game.swift */ = {isa = PBXFileReference; fileEncoding = 4; lastKnownFileType = sourcecode.swift; path = Game.swift; sourceTree = "<group>"; };
		F9B604BA216CEF2A00995CCB /* Board.swift */ = {isa = PBXFileReference; fileEncoding = 4; lastKnownFileType = sourcecode.swift; path = Board.swift; sourceTree = "<group>"; };
		F9B604BC216CF4AE00995CCB /* Row.swift */ = {isa = PBXFileReference; fileEncoding = 4; lastKnownFileType = sourcecode.swift; path = Row.swift; sourceTree = "<group>"; };
		F9B604BE216CF4D000995CCB /* Column.swift */ = {isa = PBXFileReference; fileEncoding = 4; lastKnownFileType = sourcecode.swift; path = Column.swift; sourceTree = "<group>"; };
		F9D25FF5216CFC4A007B8110 /* CardGenerator.swift */ = {isa = PBXFileReference; fileEncoding = 4; lastKnownFileType = sourcecode.swift; path = CardGenerator.swift; sourceTree = "<group>"; };
/* End PBXFileReference section */

/* Begin PBXFrameworksBuildPhase section */
		AFC93A73216267230085FB40 /* Frameworks */ = {
			isa = PBXFrameworksBuildPhase;
			buildActionMask = 2147483647;
			files = (
			);
			runOnlyForDeploymentPostprocessing = 0;
		};
		AFC93A87216267230085FB40 /* Frameworks */ = {
			isa = PBXFrameworksBuildPhase;
			buildActionMask = 2147483647;
			files = (
			);
			runOnlyForDeploymentPostprocessing = 0;
		};
		AFC93A92216267230085FB40 /* Frameworks */ = {
			isa = PBXFrameworksBuildPhase;
			buildActionMask = 2147483647;
			files = (
			);
			runOnlyForDeploymentPostprocessing = 0;
		};
/* End PBXFrameworksBuildPhase section */

/* Begin PBXGroup section */
		AFC93A6D216267230085FB40 = {
			isa = PBXGroup;
			children = (
				AFC93A78216267230085FB40 /* Set */,
				AFC93A8D216267230085FB40 /* SetTests */,
				AFC93A98216267230085FB40 /* SetUITests */,
				AFC93A77216267230085FB40 /* Products */,
			);
			sourceTree = "<group>";
		};
		AFC93A77216267230085FB40 /* Products */ = {
			isa = PBXGroup;
			children = (
				AFC93A76216267230085FB40 /* Set.app */,
				AFC93A8A216267230085FB40 /* SetTests.xctest */,
				AFC93A95216267230085FB40 /* SetUITests.xctest */,
			);
			name = Products;
			sourceTree = "<group>";
		};
		AFC93A78216267230085FB40 /* Set */ = {
			isa = PBXGroup;
			children = (
				F9B604C0216CF50800995CCB /* Board */,
				F974C13E2165102000C216E4 /* Card */,
				AFC93A79216267230085FB40 /* AppDelegate.swift */,
				AFC93A7B216267230085FB40 /* ViewController.swift */,
				AFC93A7D216267230085FB40 /* Main.storyboard */,
				AFC93A80216267230085FB40 /* Assets.xcassets */,
				AFC93A82216267230085FB40 /* LaunchScreen.storyboard */,
				AFC93A85216267230085FB40 /* Info.plist */,
				F9B604B8216CEE5700995CCB /* Game.swift */,
				AFEEE28B2174D9CD00797B20 /* SetError.swift */,
				AFEEE28D2174E17C00797B20 /* CardValidator.swift */,
			);
			path = Set;
			sourceTree = "<group>";
		};
		AFC93A8D216267230085FB40 /* SetTests */ = {
			isa = PBXGroup;
			children = (
				AFC93A8E216267230085FB40 /* SetTests.swift */,
				AFC93A90216267230085FB40 /* Info.plist */,
			);
			path = SetTests;
			sourceTree = "<group>";
		};
		AFC93A98216267230085FB40 /* SetUITests */ = {
			isa = PBXGroup;
			children = (
				AFC93A99216267230085FB40 /* SetUITests.swift */,
				AFC93A9B216267230085FB40 /* Info.plist */,
			);
			path = SetUITests;
			sourceTree = "<group>";
		};
		F974C13D21650FFA00C216E4 /* Attributes */ = {
			isa = PBXGroup;
			children = (
				F974C13F2165103900C216E4 /* Shape.swift */,
				F974C141216510D000C216E4 /* Color.swift */,
				F974C143216510E200C216E4 /* Fill.swift */,
				F9474E8C21777B6400E26A23 /* Attribute.swift */,
				F9474E8E21777BD800E26A23 /* Num.swift */,
			);
			name = Attributes;
			sourceTree = "<group>";
		};
		F974C13E2165102000C216E4 /* Card */ = {
			isa = PBXGroup;
			children = (
				F974C13B21650FA800C216E4 /* Card.swift */,
				F974C13D21650FFA00C216E4 /* Attributes */,
			);
			name = Card;
			sourceTree = "<group>";
		};
		F9B604C0216CF50800995CCB /* Board */ = {
			isa = PBXGroup;
			children = (
				F9D25FF5216CFC4A007B8110 /* CardGenerator.swift */,
				F9B604BC216CF4AE00995CCB /* Row.swift */,
				F9B604BE216CF4D000995CCB /* Column.swift */,
				F9B604BA216CEF2A00995CCB /* Board.swift */,
			);
			name = Board;
			sourceTree = "<group>";
		};
/* End PBXGroup section */

/* Begin PBXNativeTarget section */
		AFC93A75216267230085FB40 /* Set */ = {
			isa = PBXNativeTarget;
			buildConfigurationList = AFC93A9E216267230085FB40 /* Build configuration list for PBXNativeTarget "Set" */;
			buildPhases = (
				AFC93A72216267230085FB40 /* Sources */,
				AFC93A73216267230085FB40 /* Frameworks */,
				AFC93A74216267230085FB40 /* Resources */,
			);
			buildRules = (
			);
			dependencies = (
			);
			name = Set;
			productName = Set;
			productReference = AFC93A76216267230085FB40 /* Set.app */;
			productType = "com.apple.product-type.application";
		};
		AFC93A89216267230085FB40 /* SetTests */ = {
			isa = PBXNativeTarget;
			buildConfigurationList = AFC93AA1216267230085FB40 /* Build configuration list for PBXNativeTarget "SetTests" */;
			buildPhases = (
				AFC93A86216267230085FB40 /* Sources */,
				AFC93A87216267230085FB40 /* Frameworks */,
				AFC93A88216267230085FB40 /* Resources */,
			);
			buildRules = (
			);
			dependencies = (
				AFC93A8C216267230085FB40 /* PBXTargetDependency */,
			);
			name = SetTests;
			productName = SetTests;
			productReference = AFC93A8A216267230085FB40 /* SetTests.xctest */;
			productType = "com.apple.product-type.bundle.unit-test";
		};
		AFC93A94216267230085FB40 /* SetUITests */ = {
			isa = PBXNativeTarget;
			buildConfigurationList = AFC93AA4216267230085FB40 /* Build configuration list for PBXNativeTarget "SetUITests" */;
			buildPhases = (
				AFC93A91216267230085FB40 /* Sources */,
				AFC93A92216267230085FB40 /* Frameworks */,
				AFC93A93216267230085FB40 /* Resources */,
			);
			buildRules = (
			);
			dependencies = (
				AFC93A97216267230085FB40 /* PBXTargetDependency */,
			);
			name = SetUITests;
			productName = SetUITests;
			productReference = AFC93A95216267230085FB40 /* SetUITests.xctest */;
			productType = "com.apple.product-type.bundle.ui-testing";
		};
/* End PBXNativeTarget section */

/* Begin PBXProject section */
		AFC93A6E216267230085FB40 /* Project object */ = {
			isa = PBXProject;
			attributes = {
				LastSwiftUpdateCheck = 0830;
				LastUpgradeCheck = 0830;
				ORGANIZATIONNAME = "Siddiqui, Arham J; Eswaran, Pranav V";
				TargetAttributes = {
					AFC93A75216267230085FB40 = {
						CreatedOnToolsVersion = 8.3.2;
						ProvisioningStyle = Automatic;
					};
					AFC93A89216267230085FB40 = {
						CreatedOnToolsVersion = 8.3.2;
						ProvisioningStyle = Automatic;
						TestTargetID = AFC93A75216267230085FB40;
					};
					AFC93A94216267230085FB40 = {
						CreatedOnToolsVersion = 8.3.2;
						ProvisioningStyle = Automatic;
						TestTargetID = AFC93A75216267230085FB40;
					};
				};
			};
			buildConfigurationList = AFC93A71216267230085FB40 /* Build configuration list for PBXProject "Set" */;
			compatibilityVersion = "Xcode 3.2";
			developmentRegion = English;
			hasScannedForEncodings = 0;
			knownRegions = (
				en,
				Base,
			);
			mainGroup = AFC93A6D216267230085FB40;
			productRefGroup = AFC93A77216267230085FB40 /* Products */;
			projectDirPath = "";
			projectRoot = "";
			targets = (
				AFC93A75216267230085FB40 /* Set */,
				AFC93A89216267230085FB40 /* SetTests */,
				AFC93A94216267230085FB40 /* SetUITests */,
			);
		};
/* End PBXProject section */

/* Begin PBXResourcesBuildPhase section */
		AFC93A74216267230085FB40 /* Resources */ = {
			isa = PBXResourcesBuildPhase;
			buildActionMask = 2147483647;
			files = (
				AFC93A84216267230085FB40 /* LaunchScreen.storyboard in Resources */,
				AFC93A81216267230085FB40 /* Assets.xcassets in Resources */,
				AFC93A7F216267230085FB40 /* Main.storyboard in Resources */,
			);
			runOnlyForDeploymentPostprocessing = 0;
		};
		AFC93A88216267230085FB40 /* Resources */ = {
			isa = PBXResourcesBuildPhase;
			buildActionMask = 2147483647;
			files = (
			);
			runOnlyForDeploymentPostprocessing = 0;
		};
		AFC93A93216267230085FB40 /* Resources */ = {
			isa = PBXResourcesBuildPhase;
			buildActionMask = 2147483647;
			files = (
			);
			runOnlyForDeploymentPostprocessing = 0;
		};
/* End PBXResourcesBuildPhase section */

/* Begin PBXSourcesBuildPhase section */
		AFC93A72216267230085FB40 /* Sources */ = {
			isa = PBXSourcesBuildPhase;
			buildActionMask = 2147483647;
			files = (
				AFEEE28E2174E17C00797B20 /* CardValidator.swift in Sources */,
				F9474E8F21777BD800E26A23 /* Num.swift in Sources */,
				AFC93A7C216267230085FB40 /* ViewController.swift in Sources */,
				F9B604BF216CF4D000995CCB /* Column.swift in Sources */,
				F9B604BD216CF4AE00995CCB /* Row.swift in Sources */,
				F9474E8D21777B6400E26A23 /* Attribute.swift in Sources */,
				F974C1402165103900C216E4 /* Shape.swift in Sources */,
				AFEEE28C2174D9CD00797B20 /* SetError.swift in Sources */,
				F9B604B9216CEE5700995CCB /* Game.swift in Sources */,
				F9D25FF6216CFC4A007B8110 /* CardGenerator.swift in Sources */,
				F974C13C21650FA800C216E4 /* Card.swift in Sources */,
				F974C142216510D000C216E4 /* Color.swift in Sources */,
				F974C144216510E200C216E4 /* Fill.swift in Sources */,
				F9B604BB216CEF2A00995CCB /* Board.swift in Sources */,
				AFC93A7A216267230085FB40 /* AppDelegate.swift in Sources */,
			);
			runOnlyForDeploymentPostprocessing = 0;
		};
		AFC93A86216267230085FB40 /* Sources */ = {
			isa = PBXSourcesBuildPhase;
			buildActionMask = 2147483647;
			files = (
				AFC93A8F216267230085FB40 /* SetTests.swift in Sources */,
			);
			runOnlyForDeploymentPostprocessing = 0;
		};
		AFC93A91216267230085FB40 /* Sources */ = {
			isa = PBXSourcesBuildPhase;
			buildActionMask = 2147483647;
			files = (
				AFC93A9A216267230085FB40 /* SetUITests.swift in Sources */,
			);
			runOnlyForDeploymentPostprocessing = 0;
		};
/* End PBXSourcesBuildPhase section */

/* Begin PBXTargetDependency section */
		AFC93A8C216267230085FB40 /* PBXTargetDependency */ = {
			isa = PBXTargetDependency;
			target = AFC93A75216267230085FB40 /* Set */;
			targetProxy = AFC93A8B216267230085FB40 /* PBXContainerItemProxy */;
		};
		AFC93A97216267230085FB40 /* PBXTargetDependency */ = {
			isa = PBXTargetDependency;
			target = AFC93A75216267230085FB40 /* Set */;
			targetProxy = AFC93A96216267230085FB40 /* PBXContainerItemProxy */;
		};
/* End PBXTargetDependency section */

/* Begin PBXVariantGroup section */
		AFC93A7D216267230085FB40 /* Main.storyboard */ = {
			isa = PBXVariantGroup;
			children = (
				AFC93A7E216267230085FB40 /* Base */,
			);
			name = Main.storyboard;
			sourceTree = "<group>";
		};
		AFC93A82216267230085FB40 /* LaunchScreen.storyboard */ = {
			isa = PBXVariantGroup;
			children = (
				AFC93A83216267230085FB40 /* Base */,
			);
			name = LaunchScreen.storyboard;
			sourceTree = "<group>";
		};
/* End PBXVariantGroup section */

/* Begin XCBuildConfiguration section */
		AFC93A9C216267230085FB40 /* Debug */ = {
			isa = XCBuildConfiguration;
			buildSettings = {
				ALWAYS_SEARCH_USER_PATHS = NO;
				CLANG_ANALYZER_NONNULL = YES;
				CLANG_ANALYZER_NUMBER_OBJECT_CONVERSION = YES_AGGRESSIVE;
				CLANG_CXX_LANGUAGE_STANDARD = "gnu++0x";
				CLANG_CXX_LIBRARY = "libc++";
				CLANG_ENABLE_MODULES = YES;
				CLANG_ENABLE_OBJC_ARC = YES;
				CLANG_WARN_BOOL_CONVERSION = YES;
				CLANG_WARN_CONSTANT_CONVERSION = YES;
				CLANG_WARN_DIRECT_OBJC_ISA_USAGE = YES_ERROR;
				CLANG_WARN_DOCUMENTATION_COMMENTS = YES;
				CLANG_WARN_EMPTY_BODY = YES;
				CLANG_WARN_ENUM_CONVERSION = YES;
				CLANG_WARN_INFINITE_RECURSION = YES;
				CLANG_WARN_INT_CONVERSION = YES;
				CLANG_WARN_OBJC_ROOT_CLASS = YES_ERROR;
				CLANG_WARN_SUSPICIOUS_MOVE = YES;
				CLANG_WARN_UNREACHABLE_CODE = YES;
				CLANG_WARN__DUPLICATE_METHOD_MATCH = YES;
				"CODE_SIGN_IDENTITY[sdk=iphoneos*]" = "iPhone Developer";
				COPY_PHASE_STRIP = NO;
				DEBUG_INFORMATION_FORMAT = dwarf;
				ENABLE_STRICT_OBJC_MSGSEND = YES;
				ENABLE_TESTABILITY = YES;
				GCC_C_LANGUAGE_STANDARD = gnu99;
				GCC_DYNAMIC_NO_PIC = NO;
				GCC_NO_COMMON_BLOCKS = YES;
				GCC_OPTIMIZATION_LEVEL = 0;
				GCC_PREPROCESSOR_DEFINITIONS = (
					"DEBUG=1",
					"$(inherited)",
				);
				GCC_WARN_64_TO_32_BIT_CONVERSION = YES;
				GCC_WARN_ABOUT_RETURN_TYPE = YES_ERROR;
				GCC_WARN_UNDECLARED_SELECTOR = YES;
				GCC_WARN_UNINITIALIZED_AUTOS = YES_AGGRESSIVE;
				GCC_WARN_UNUSED_FUNCTION = YES;
				GCC_WARN_UNUSED_VARIABLE = YES;
				IPHONEOS_DEPLOYMENT_TARGET = 10.3;
				MTL_ENABLE_DEBUG_INFO = YES;
				ONLY_ACTIVE_ARCH = YES;
				SDKROOT = iphoneos;
				SWIFT_ACTIVE_COMPILATION_CONDITIONS = DEBUG;
				SWIFT_OPTIMIZATION_LEVEL = "-Onone";
				TARGETED_DEVICE_FAMILY = "1,2";
			};
			name = Debug;
		};
		AFC93A9D216267230085FB40 /* Release */ = {
			isa = XCBuildConfiguration;
			buildSettings = {
				ALWAYS_SEARCH_USER_PATHS = NO;
				CLANG_ANALYZER_NONNULL = YES;
				CLANG_ANALYZER_NUMBER_OBJECT_CONVERSION = YES_AGGRESSIVE;
				CLANG_CXX_LANGUAGE_STANDARD = "gnu++0x";
				CLANG_CXX_LIBRARY = "libc++";
				CLANG_ENABLE_MODULES = YES;
				CLANG_ENABLE_OBJC_ARC = YES;
				CLANG_WARN_BOOL_CONVERSION = YES;
				CLANG_WARN_CONSTANT_CONVERSION = YES;
				CLANG_WARN_DIRECT_OBJC_ISA_USAGE = YES_ERROR;
				CLANG_WARN_DOCUMENTATION_COMMENTS = YES;
				CLANG_WARN_EMPTY_BODY = YES;
				CLANG_WARN_ENUM_CONVERSION = YES;
				CLANG_WARN_INFINITE_RECURSION = YES;
				CLANG_WARN_INT_CONVERSION = YES;
				CLANG_WARN_OBJC_ROOT_CLASS = YES_ERROR;
				CLANG_WARN_SUSPICIOUS_MOVE = YES;
				CLANG_WARN_UNREACHABLE_CODE = YES;
				CLANG_WARN__DUPLICATE_METHOD_MATCH = YES;
				"CODE_SIGN_IDENTITY[sdk=iphoneos*]" = "iPhone Developer";
				COPY_PHASE_STRIP = NO;
				DEBUG_INFORMATION_FORMAT = "dwarf-with-dsym";
				ENABLE_NS_ASSERTIONS = NO;
				ENABLE_STRICT_OBJC_MSGSEND = YES;
				GCC_C_LANGUAGE_STANDARD = gnu99;
				GCC_NO_COMMON_BLOCKS = YES;
				GCC_WARN_64_TO_32_BIT_CONVERSION = YES;
				GCC_WARN_ABOUT_RETURN_TYPE = YES_ERROR;
				GCC_WARN_UNDECLARED_SELECTOR = YES;
				GCC_WARN_UNINITIALIZED_AUTOS = YES_AGGRESSIVE;
				GCC_WARN_UNUSED_FUNCTION = YES;
				GCC_WARN_UNUSED_VARIABLE = YES;
				IPHONEOS_DEPLOYMENT_TARGET = 10.3;
				MTL_ENABLE_DEBUG_INFO = NO;
				SDKROOT = iphoneos;
				SWIFT_OPTIMIZATION_LEVEL = "-Owholemodule";
				TARGETED_DEVICE_FAMILY = "1,2";
				VALIDATE_PRODUCT = YES;
			};
			name = Release;
		};
		AFC93A9F216267230085FB40 /* Debug */ = {
			isa = XCBuildConfiguration;
			buildSettings = {
				ASSETCATALOG_COMPILER_APPICON_NAME = AppIcon;
				INFOPLIST_FILE = Set/Info.plist;
				LD_RUNPATH_SEARCH_PATHS = "$(inherited) @executable_path/Frameworks";
				PRODUCT_BUNDLE_IDENTIFIER = com.github.chesseswar.Set;
				PRODUCT_NAME = "$(TARGET_NAME)";
				SWIFT_VERSION = 3.0;
			};
			name = Debug;
		};
		AFC93AA0216267230085FB40 /* Release */ = {
			isa = XCBuildConfiguration;
			buildSettings = {
				ASSETCATALOG_COMPILER_APPICON_NAME = AppIcon;
				INFOPLIST_FILE = Set/Info.plist;
				LD_RUNPATH_SEARCH_PATHS = "$(inherited) @executable_path/Frameworks";
				PRODUCT_BUNDLE_IDENTIFIER = com.github.chesseswar.Set;
				PRODUCT_NAME = "$(TARGET_NAME)";
				SWIFT_VERSION = 3.0;
			};
			name = Release;
		};
		AFC93AA2216267230085FB40 /* Debug */ = {
			isa = XCBuildConfiguration;
			buildSettings = {
				ALWAYS_EMBED_SWIFT_STANDARD_LIBRARIES = YES;
				BUNDLE_LOADER = "$(TEST_HOST)";
				INFOPLIST_FILE = SetTests/Info.plist;
				LD_RUNPATH_SEARCH_PATHS = "$(inherited) @executable_path/Frameworks @loader_path/Frameworks";
				PRODUCT_BUNDLE_IDENTIFIER = com.github.chesseswar.SetTests;
				PRODUCT_NAME = "$(TARGET_NAME)";
				SWIFT_VERSION = 3.0;
				TEST_HOST = "$(BUILT_PRODUCTS_DIR)/Set.app/Set";
			};
			name = Debug;
		};
		AFC93AA3216267230085FB40 /* Release */ = {
			isa = XCBuildConfiguration;
			buildSettings = {
				ALWAYS_EMBED_SWIFT_STANDARD_LIBRARIES = YES;
				BUNDLE_LOADER = "$(TEST_HOST)";
				INFOPLIST_FILE = SetTests/Info.plist;
				LD_RUNPATH_SEARCH_PATHS = "$(inherited) @executable_path/Frameworks @loader_path/Frameworks";
				PRODUCT_BUNDLE_IDENTIFIER = com.github.chesseswar.SetTests;
				PRODUCT_NAME = "$(TARGET_NAME)";
				SWIFT_VERSION = 3.0;
				TEST_HOST = "$(BUILT_PRODUCTS_DIR)/Set.app/Set";
			};
			name = Release;
		};
		AFC93AA5216267230085FB40 /* Debug */ = {
			isa = XCBuildConfiguration;
			buildSettings = {
				ALWAYS_EMBED_SWIFT_STANDARD_LIBRARIES = YES;
				INFOPLIST_FILE = SetUITests/Info.plist;
				LD_RUNPATH_SEARCH_PATHS = "$(inherited) @executable_path/Frameworks @loader_path/Frameworks";
				PRODUCT_BUNDLE_IDENTIFIER = com.github.chesseswar.SetUITests;
				PRODUCT_NAME = "$(TARGET_NAME)";
				SWIFT_VERSION = 3.0;
				TEST_TARGET_NAME = Set;
			};
			name = Debug;
		};
		AFC93AA6216267230085FB40 /* Release */ = {
			isa = XCBuildConfiguration;
			buildSettings = {
				ALWAYS_EMBED_SWIFT_STANDARD_LIBRARIES = YES;
				INFOPLIST_FILE = SetUITests/Info.plist;
				LD_RUNPATH_SEARCH_PATHS = "$(inherited) @executable_path/Frameworks @loader_path/Frameworks";
				PRODUCT_BUNDLE_IDENTIFIER = com.github.chesseswar.SetUITests;
				PRODUCT_NAME = "$(TARGET_NAME)";
				SWIFT_VERSION = 3.0;
				TEST_TARGET_NAME = Set;
			};
			name = Release;
		};
/* End XCBuildConfiguration section */

/* Begin XCConfigurationList section */
		AFC93A71216267230085FB40 /* Build configuration list for PBXProject "Set" */ = {
			isa = XCConfigurationList;
			buildConfigurations = (
				AFC93A9C216267230085FB40 /* Debug */,
				AFC93A9D216267230085FB40 /* Release */,
			);
			defaultConfigurationIsVisible = 0;
			defaultConfigurationName = Release;
		};
		AFC93A9E216267230085FB40 /* Build configuration list for PBXNativeTarget "Set" */ = {
			isa = XCConfigurationList;
			buildConfigurations = (
				AFC93A9F216267230085FB40 /* Debug */,
				AFC93AA0216267230085FB40 /* Release */,
			);
			defaultConfigurationIsVisible = 0;
			defaultConfigurationName = Release;
		};
		AFC93AA1216267230085FB40 /* Build configuration list for PBXNativeTarget "SetTests" */ = {
			isa = XCConfigurationList;
			buildConfigurations = (
				AFC93AA2216267230085FB40 /* Debug */,
				AFC93AA3216267230085FB40 /* Release */,
			);
			defaultConfigurationIsVisible = 0;
			defaultConfigurationName = Release;
		};
		AFC93AA4216267230085FB40 /* Build configuration list for PBXNativeTarget "SetUITests" */ = {
			isa = XCConfigurationList;
			buildConfigurations = (
				AFC93AA5216267230085FB40 /* Debug */,
				AFC93AA6216267230085FB40 /* Release */,
			);
			defaultConfigurationIsVisible = 0;
			defaultConfigurationName = Release;
		};
/* End XCConfigurationList section */
	};
	rootObject = AFC93A6E216267230085FB40 /* Project object */;
}
